
Microsoft Visual Studio Solution File, Format Version 12.00
# Visual Studio Version 17
VisualStudioVersion = 17.5.33502.453
MinimumVisualStudioVersion = 10.0.40219.1
Project("{2150E333-8FDC-42A3-9474-1A3956D46DE8}") = "Tests", "Tests", "{A56C6012-41BF-42CB-8FE6-AB5B3A1428BD}"
EndProject
Project("{9A19103F-16F7-4668-BE54-9A1E7A4F7556}") = "Sleek.DataAcess.SQLiteTest", "Tests\DataAccess\SQLiteTest\Sleek.DataAcess.SQLiteTest.csproj", "{4C351ED0-A4D0-4C8A-B22C-A960DCEA90FC}"
EndProject
Project("{9A19103F-16F7-4668-BE54-9A1E7A4F7556}") = "Sleek.DataAcess.SqlServerTest", "Tests\DataAccess\SqlServerTest\Sleek.DataAcess.SqlServerTest.csproj", "{D942E59D-0DAF-47C7-899D-4EB0F39A1611}"
EndProject
Project("{9A19103F-16F7-4668-BE54-9A1E7A4F7556}") = "Sleek.DataAccess.Core", "src\Data Access\Core\Sleek.DataAccess.Core.csproj", "{EAE6D83C-0B08-4717-A412-E8DDE14850A3}"
EndProject
Project("{9A19103F-16F7-4668-BE54-9A1E7A4F7556}") = "Sleek.DataAccess.SQLite", "src\Data Access\SQLite\Sleek.DataAccess.SQLite.csproj", "{EBBCD6DF-00AC-4CAA-A8EA-B374AB78BABB}"
EndProject
Project("{9A19103F-16F7-4668-BE54-9A1E7A4F7556}") = "Sleek.DataAccess.SqlServer", "src\Data Access\SqlServer\Sleek.DataAccess.SqlServer.csproj", "{7F759E91-087E-4926-B116-7EC6433E6508}"
EndProject
Global
	GlobalSection(SolutionConfigurationPlatforms) = preSolution
		Debug|Any CPU = Debug|Any CPU
		Release|Any CPU = Release|Any CPU
	EndGlobalSection
	GlobalSection(ProjectConfigurationPlatforms) = postSolution
		{4C351ED0-A4D0-4C8A-B22C-A960DCEA90FC}.Debug|Any CPU.ActiveCfg = Debug|Any CPU
		{4C351ED0-A4D0-4C8A-B22C-A960DCEA90FC}.Debug|Any CPU.Build.0 = Debug|Any CPU
		{4C351ED0-A4D0-4C8A-B22C-A960DCEA90FC}.Release|Any CPU.ActiveCfg = Release|Any CPU
		{4C351ED0-A4D0-4C8A-B22C-A960DCEA90FC}.Release|Any CPU.Build.0 = Release|Any CPU
		{D942E59D-0DAF-47C7-899D-4EB0F39A1611}.Debug|Any CPU.ActiveCfg = Debug|Any CPU
		{D942E59D-0DAF-47C7-899D-4EB0F39A1611}.Debug|Any CPU.Build.0 = Debug|Any CPU
		{D942E59D-0DAF-47C7-899D-4EB0F39A1611}.Release|Any CPU.ActiveCfg = Release|Any CPU
		{D942E59D-0DAF-47C7-899D-4EB0F39A1611}.Release|Any CPU.Build.0 = Release|Any CPU
		{EAE6D83C-0B08-4717-A412-E8DDE14850A3}.Debug|Any CPU.ActiveCfg = Debug|Any CPU
		{EAE6D83C-0B08-4717-A412-E8DDE14850A3}.Debug|Any CPU.Build.0 = Debug|Any CPU
		{EAE6D83C-0B08-4717-A412-E8DDE14850A3}.Release|Any CPU.ActiveCfg = Release|Any CPU
		{EAE6D83C-0B08-4717-A412-E8DDE14850A3}.Release|Any CPU.Build.0 = Release|Any CPU
		{EBBCD6DF-00AC-4CAA-A8EA-B374AB78BABB}.Debug|Any CPU.ActiveCfg = Debug|Any CPU
		{EBBCD6DF-00AC-4CAA-A8EA-B374AB78BABB}.Debug|Any CPU.Build.0 = Debug|Any CPU
		{EBBCD6DF-00AC-4CAA-A8EA-B374AB78BABB}.Release|Any CPU.ActiveCfg = Release|Any CPU
		{EBBCD6DF-00AC-4CAA-A8EA-B374AB78BABB}.Release|Any CPU.Build.0 = Release|Any CPU
		{7F759E91-087E-4926-B116-7EC6433E6508}.Debug|Any CPU.ActiveCfg = Debug|Any CPU
		{7F759E91-087E-4926-B116-7EC6433E6508}.Debug|Any CPU.Build.0 = Debug|Any CPU
		{7F759E91-087E-4926-B116-7EC6433E6508}.Release|Any CPU.ActiveCfg = Release|Any CPU
		{7F759E91-087E-4926-B116-7EC6433E6508}.Release|Any CPU.Build.0 = Release|Any CPU
	EndGlobalSection
	GlobalSection(SolutionProperties) = preSolution
		HideSolutionNode = FALSE
	EndGlobalSection
	GlobalSection(NestedProjects) = preSolution
		{4C351ED0-A4D0-4C8A-B22C-A960DCEA90FC} = {A56C6012-41BF-42CB-8FE6-AB5B3A1428BD}
		{D942E59D-0DAF-47C7-899D-4EB0F39A1611} = {A56C6012-41BF-42CB-8FE6-AB5B3A1428BD}
	EndGlobalSection
	GlobalSection(ExtensibilityGlobals) = postSolution
		SolutionGuid = {9A512335-CE20-427C-A7CA-88AB7ADDABEC}
	EndGlobalSection
EndGlobal
